
Microsoft Visual Studio Solution File, Format Version 12.00
# Visual Studio Version 17
VisualStudioVersion = 17.6.33815.320
MinimumVisualStudioVersion = 10.0.40219.1
Project("{8BC9CEB8-8B4A-11D0-8D11-00A0C91BC942}") = "winfsp-uninstaller", "winfsp-uninstaller.vcxproj", "{167E4E93-8B73-4D1A-851F-E07C58E64420}"
EndProject
Global
	GlobalSection(SolutionConfigurationPlatforms) = preSolution
		Debug|x64 = Debug|x64
		Debug|x86 = Debug|x86
		Release|x64 = Release|x64
		Release|x86 = Release|x86
	EndGlobalSection
	GlobalSection(ProjectConfigurationPlatforms) = postSolution
		{167E4E93-8B73-4D1A-851F-E07C58E64420}.Debug|x64.ActiveCfg = Debug|x64
		{167E4E93-8B73-4D1A-851F-E07C58E64420}.Debug|x64.Build.0 = Debug|x64
		{167E4E93-8B73-4D1A-851F-E07C58E64420}.Debug|x86.ActiveCfg = Debug|Win32
		{167E4E93-8B73-4D1A-851F-E07C58E64420}.Debug|x86.Build.0 = Debug|Win32
		{167E4E93-8B73-4D1A-851F-E07C58E64420}.Release|x64.ActiveCfg = Release|x64
		{167E4E93-8B73-4D1A-851F-E07C58E64420}.Release|x64.Build.0 = Release|x64
		{167E4E93-8B73-4D1A-851F-E07C58E64420}.Release|x86.ActiveCfg = Release|Win32
		{167E4E93-8B73-4D1A-851F-E07C58E64420}.Release|x86.Build.0 = Release|Win32
	EndGlobalSection
	GlobalSection(SolutionProperties) = preSolution
		HideSolutionNode = FALSE
	EndGlobalSection
	GlobalSection(ExtensibilityGlobals) = postSolution
		SolutionGuid = {3D5E87EC-D376-40AE-870A-E8E489E042F4}
	EndGlobalSection
EndGlobal
